PODS:
  - CXXSetKit (0.1.2):
    - CXXSetKit/Rain (= 0.1.2)
    - CXXSetKit/Snow (= 0.1.2)
  - CXXSetKit/Rain (0.1.2)
  - CXXSetKit/Snow (0.1.2)

DEPENDENCIES:
  - CXXSetKit (from `../`)

EXTERNAL SOURCES:
  CXXSetKit:
    :path: "../"

SPEC CHECKSUMS:
  CXXSetKit: 685f60393d8d5fde9d1a0c3d70480df29e5486ea

PODFILE CHECKSUM: 2a28ce70bbc3ecd2be1198c666f41b9e5cbc04e0

COCOAPODS: 1.11.3
